
Microsoft Visual Studio Solution File, Format Version 12.00
# Visual Studio Version 16
VisualStudioVersion = 16.0.29418.71
MinimumVisualStudioVersion = 10.0.40219.1
Project("{9A19103F-16F7-4668-BE54-9A1E7A4F7556}") = "Base64", "Base64\Base64.csproj", "{1F2996B9-DA50-481E-86E0-90A4EED61D66}"
EndProject
Project("{FAE04EC0-301F-11D3-BF4B-00C04F79EFBC}") = "Base64Test", "Base64Test\Base64Test.csproj", "{9CA8BADB-D0FC-4FBA-8AA7-42B8CD26E6A9}"
EndProject
Global
	GlobalSection(SolutionConfigurationPlatforms) = preSolution
		Debug|Any CPU = Debug|Any CPU
		Release|Any CPU = Release|Any CPU
	EndGlobalSection
	GlobalSection(ProjectConfigurationPlatforms) = postSolution
		{1F2996B9-DA50-481E-86E0-90A4EED61D66}.Debug|Any CPU.ActiveCfg = Debug|Any CPU
		{1F2996B9-DA50-481E-86E0-90A4EED61D66}.Debug|Any CPU.Build.0 = Debug|Any CPU
		{1F2996B9-DA50-481E-86E0-90A4EED61D66}.Release|Any CPU.ActiveCfg = Release|Any CPU
		{1F2996B9-DA50-481E-86E0-90A4EED61D66}.Release|Any CPU.Build.0 = Release|Any CPU
		{9CA8BADB-D0FC-4FBA-8AA7-42B8CD26E6A9}.Debug|Any CPU.ActiveCfg = Debug|Any CPU
		{9CA8BADB-D0FC-4FBA-8AA7-42B8CD26E6A9}.Debug|Any CPU.Build.0 = Debug|Any CPU
		{9CA8BADB-D0FC-4FBA-8AA7-42B8CD26E6A9}.Release|Any CPU.ActiveCfg = Release|Any CPU
		{9CA8BADB-D0FC-4FBA-8AA7-42B8CD26E6A9}.Release|Any CPU.Build.0 = Release|Any CPU
	EndGlobalSection
	GlobalSection(SolutionProperties) = preSolution
		HideSolutionNode = FALSE
	EndGlobalSection
	GlobalSection(ExtensibilityGlobals) = postSolution
		SolutionGuid = {8708D46F-284F-4FC0-AA4F-20DAAF265E5D}
	EndGlobalSection
EndGlobal
